// !$*UTF8*$!
{
	archiveVersion = 1;
	classes = {
	};
	objectVersion = 46;
	objects = {

/* Begin PBXBuildFile section */
		027C7EF860D0153216D2FAEE /* Pods_taiwanMOTCBus.framework in Frameworks */ = {isa = PBXBuildFile; fileRef = 48EF7471F61AC6FA1D335448 /* Pods_taiwanMOTCBus.framework */; };
		928B648A1D360699003CE295 /* MainViewController.m in Sources */ = {isa = PBXBuildFile; fileRef = 928B64891D360699003CE295 /* MainViewController.m */; };
		928B648D1D3609A7003CE295 /* RouteTableViewCell.m in Sources */ = {isa = PBXBuildFile; fileRef = 928B648C1D3609A7003CE295 /* RouteTableViewCell.m */; };
		928B64901D360ADA003CE295 /* networkManager.m in Sources */ = {isa = PBXBuildFile; fileRef = 928B648F1D360ADA003CE295 /* networkManager.m */; };
		928B64931D360AEC003CE295 /* busManager.m in Sources */ = {isa = PBXBuildFile; fileRef = 928B64921D360AEC003CE295 /* busManager.m */; };
		928B64961D360AFD003CE295 /* model_busRoute.m in Sources */ = {isa = PBXBuildFile; fileRef = 928B64951D360AFD003CE295 /* model_busRoute.m */; };
		928B649A1D360E21003CE295 /* publicApi.m in Sources */ = {isa = PBXBuildFile; fileRef = 928B64991D360E21003CE295 /* publicApi.m */; };
		92CA3B291D35EC0900A09816 /* main.m in Sources */ = {isa = PBXBuildFile; fileRef = 92CA3B281D35EC0900A09816 /* main.m */; };
		92CA3B2C1D35EC0900A09816 /* AppDelegate.m in Sources */ = {isa = PBXBuildFile; fileRef = 92CA3B2B1D35EC0900A09816 /* AppDelegate.m */; };
		92CA3B321D35EC0900A09816 /* Main.storyboard in Resources */ = {isa = PBXBuildFile; fileRef = 92CA3B301D35EC0900A09816 /* Main.storyboard */; };
		92CA3B341D35EC0900A09816 /* Assets.xcassets in Resources */ = {isa = PBXBuildFile; fileRef = 92CA3B331D35EC0900A09816 /* Assets.xcassets */; };
		92CA3B371D35EC0900A09816 /* LaunchScreen.storyboard in Resources */ = {isa = PBXBuildFile; fileRef = 92CA3B351D35EC0900A09816 /* LaunchScreen.storyboard */; };
/* End PBXBuildFile section */

/* Begin PBXFileReference section */
		48EF7471F61AC6FA1D335448 /* Pods_taiwanMOTCBus.framework */ = {isa = PBXFileReference; explicitFileType = wrapper.framework; includeInIndex = 0; path = Pods_taiwanMOTCBus.framework; sourceTree = BUILT_PRODUCTS_DIR; };
		8A3AB153414C6374D8F0616D /* Pods-taiwanMOTCBus.release.xcconfig */ = {isa = PBXFileReference; includeInIndex = 1; lastKnownFileType = text.xcconfig; name = "Pods-taiwanMOTCBus.release.xcconfig"; path = "Pods/Target Support Files/Pods-taiwanMOTCBus/Pods-taiwanMOTCBus.release.xcconfig"; sourceTree = "<group>"; };
		928B64881D360699003CE295 /* MainViewController.h */ = {isa = PBXFileReference; fileEncoding = 4; lastKnownFileType = sourcecode.c.h; path = MainViewController.h; sourceTree = "<group>"; };
		928B64891D360699003CE295 /* MainViewController.m */ = {isa = PBXFileReference; fileEncoding = 4; lastKnownFileType = sourcecode.c.objc; path = MainViewController.m; sourceTree = "<group>"; };
		928B648B1D3609A7003CE295 /* RouteTableViewCell.h */ = {isa = PBXFileReference; fileEncoding = 4; lastKnownFileType = sourcecode.c.h; path = RouteTableViewCell.h; sourceTree = "<group>"; };
		928B648C1D3609A7003CE295 /* RouteTableViewCell.m */ = {isa = PBXFileReference; fileEncoding = 4; lastKnownFileType = sourcecode.c.objc; path = RouteTableViewCell.m; sourceTree = "<group>"; };
		928B648E1D360ADA003CE295 /* networkManager.h */ = {isa = PBXFileReference; fileEncoding = 4; lastKnownFileType = sourcecode.c.h; path = networkManager.h; sourceTree = "<group>"; };
		928B648F1D360ADA003CE295 /* networkManager.m */ = {isa = PBXFileReference; fileEncoding = 4; lastKnownFileType = sourcecode.c.objc; path = networkManager.m; sourceTree = "<group>"; };
		928B64911D360AEC003CE295 /* busManager.h */ = {isa = PBXFileReference; fileEncoding = 4; lastKnownFileType = sourcecode.c.h; path = busManager.h; sourceTree = "<group>"; };
		928B64921D360AEC003CE295 /* busManager.m */ = {isa = PBXFileReference; fileEncoding = 4; lastKnownFileType = sourcecode.c.objc; path = busManager.m; sourceTree = "<group>"; };
		928B64941D360AFD003CE295 /* model_busRoute.h */ = {isa = PBXFileReference; fileEncoding = 4; lastKnownFileType = sourcecode.c.h; path = model_busRoute.h; sourceTree = "<group>"; };
		928B64951D360AFD003CE295 /* model_busRoute.m */ = {isa = PBXFileReference; fileEncoding = 4; lastKnownFileType = sourcecode.c.objc; path = model_busRoute.m; sourceTree = "<group>"; };
		928B64971D360B11003CE295 /* Constant.h */ = {isa = PBXFileReference; lastKnownFileType = sourcecode.c.h; path = Constant.h; sourceTree = "<group>"; };
		928B64981D360E21003CE295 /* publicApi.h */ = {isa = PBXFileReference; fileEncoding = 4; lastKnownFileType = sourcecode.c.h; path = publicApi.h; sourceTree = "<group>"; };
		928B64991D360E21003CE295 /* publicApi.m */ = {isa = PBXFileReference; fileEncoding = 4; lastKnownFileType = sourcecode.c.objc; path = publicApi.m; sourceTree = "<group>"; };
		92CA3B241D35EC0900A09816 /* taiwanMOTCBus.app */ = {isa = PBXFileReference; explicitFileType = wrapper.application; includeInIndex = 0; path = taiwanMOTCBus.app; sourceTree = BUILT_PRODUCTS_DIR; };
		92CA3B281D35EC0900A09816 /* main.m */ = {isa = PBXFileReference; lastKnownFileType = sourcecode.c.objc; path = main.m; sourceTree = "<group>"; };
		92CA3B2A1D35EC0900A09816 /* AppDelegate.h */ = {isa = PBXFileReference; lastKnownFileType = sourcecode.c.h; path = AppDelegate.h; sourceTree = "<group>"; };
		92CA3B2B1D35EC0900A09816 /* AppDelegate.m */ = {isa = PBXFileReference; lastKnownFileType = sourcecode.c.objc; path = AppDelegate.m; sourceTree = "<group>"; };
		92CA3B311D35EC0900A09816 /* Base */ = {isa = PBXFileReference; lastKnownFileType = file.storyboard; name = Base; path = Base.lproj/Main.storyboard; sourceTree = "<group>"; };
		92CA3B331D35EC0900A09816 /* Assets.xcassets */ = {isa = PBXFileReference; lastKnownFileType = folder.assetcatalog; path = Assets.xcassets; sourceTree = "<group>"; };
		92CA3B361D35EC0900A09816 /* Base */ = {isa = PBXFileReference; lastKnownFileType = file.storyboard; name = Base; path = Base.lproj/LaunchScreen.storyboard; sourceTree = "<group>"; };
		92CA3B381D35EC0900A09816 /* Info.plist */ = {isa = PBXFileReference; lastKnownFileType = text.plist.xml; path = Info.plist; sourceTree = "<group>"; };
		DB6CA10A68100BBC19282780 /* Pods-taiwanMOTCBus.debug.xcconfig */ = {isa = PBXFileReference; includeInIndex = 1; lastKnownFileType = text.xcconfig; name = "Pods-taiwanMOTCBus.debug.xcconfig"; path = "Pods/Target Support Files/Pods-taiwanMOTCBus/Pods-taiwanMOTCBus.debug.xcconfig"; sourceTree = "<group>"; };
/* End PBXFileReference section */

/* Begin PBXFrameworksBuildPhase section */
		92CA3B211D35EC0900A09816 /* Frameworks */ = {
			isa = PBXFrameworksBuildPhase;
			buildActionMask = 2147483647;
			files = (
				027C7EF860D0153216D2FAEE /* Pods_taiwanMOTCBus.framework in Frameworks */,
			);
			runOnlyForDeploymentPostprocessing = 0;
		};
/* End PBXFrameworksBuildPhase section */

/* Begin PBXGroup section */
		70BC35CBBAC4478BD1BB78D0 /* Frameworks */ = {
			isa = PBXGroup;
			children = (
				48EF7471F61AC6FA1D335448 /* Pods_taiwanMOTCBus.framework */,
			);
			name = Frameworks;
			sourceTree = "<group>";
		};
		928B64831D3605C1003CE295 /* src */ = {
			isa = PBXGroup;
			children = (
				928B64841D3605C1003CE295 /* controller */,
				928B64851D3605C1003CE295 /* manager */,
				928B64861D3605C1003CE295 /* model */,
				928B64871D3605C1003CE295 /* view */,
			);
			path = src;
			sourceTree = "<group>";
		};
		928B64841D3605C1003CE295 /* controller */ = {
			isa = PBXGroup;
			children = (
				928B64881D360699003CE295 /* MainViewController.h */,
				928B64891D360699003CE295 /* MainViewController.m */,
			);
			path = controller;
			sourceTree = "<group>";
		};
		928B64851D3605C1003CE295 /* manager */ = {
			isa = PBXGroup;
			children = (
				928B648E1D360ADA003CE295 /* networkManager.h */,
				928B648F1D360ADA003CE295 /* networkManager.m */,
				928B64911D360AEC003CE295 /* busManager.h */,
				928B64921D360AEC003CE295 /* busManager.m */,
				928B64981D360E21003CE295 /* publicApi.h */,
				928B64991D360E21003CE295 /* publicApi.m */,
			);
			path = manager;
			sourceTree = "<group>";
		};
		928B64861D3605C1003CE295 /* model */ = {
			isa = PBXGroup;
			children = (
				928B64941D360AFD003CE295 /* model_busRoute.h */,
				928B64951D360AFD003CE295 /* model_busRoute.m */,
				928B64971D360B11003CE295 /* Constant.h */,
			);
			path = model;
			sourceTree = "<group>";
		};
		928B64871D3605C1003CE295 /* view */ = {
			isa = PBXGroup;
			children = (
				928B648B1D3609A7003CE295 /* RouteTableViewCell.h */,
				928B648C1D3609A7003CE295 /* RouteTableViewCell.m */,
			);
			path = view;
			sourceTree = "<group>";
		};
		92CA3B1B1D35EC0900A09816 = {
			isa = PBXGroup;
			children = (
				92CA3B261D35EC0900A09816 /* taiwanMOTCBus */,
				92CA3B251D35EC0900A09816 /* Products */,
				951BB28029C56405B9B3138C /* Pods */,
				70BC35CBBAC4478BD1BB78D0 /* Frameworks */,
			);
			sourceTree = "<group>";
		};
		92CA3B251D35EC0900A09816 /* Products */ = {
			isa = PBXGroup;
			children = (
				92CA3B241D35EC0900A09816 /* taiwanMOTCBus.app */,
			);
			name = Products;
			sourceTree = "<group>";
		};
		92CA3B261D35EC0900A09816 /* taiwanMOTCBus */ = {
			isa = PBXGroup;
			children = (
				928B64831D3605C1003CE295 /* src */,
				92CA3B2A1D35EC0900A09816 /* AppDelegate.h */,
				92CA3B2B1D35EC0900A09816 /* AppDelegate.m */,
				92CA3B301D35EC0900A09816 /* Main.storyboard */,
				92CA3B331D35EC0900A09816 /* Assets.xcassets */,
				92CA3B351D35EC0900A09816 /* LaunchScreen.storyboard */,
				92CA3B381D35EC0900A09816 /* Info.plist */,
				92CA3B271D35EC0900A09816 /* Supporting Files */,
			);
			path = taiwanMOTCBus;
			sourceTree = "<group>";
		};
		92CA3B271D35EC0900A09816 /* Supporting Files */ = {
			isa = PBXGroup;
			children = (
				92CA3B281D35EC0900A09816 /* main.m */,
			);
			name = "Supporting Files";
			sourceTree = "<group>";
		};
		951BB28029C56405B9B3138C /* Pods */ = {
			isa = PBXGroup;
			children = (
				DB6CA10A68100BBC19282780 /* Pods-taiwanMOTCBus.debug.xcconfig */,
				8A3AB153414C6374D8F0616D /* Pods-taiwanMOTCBus.release.xcconfig */,
			);
			name = Pods;
			sourceTree = "<group>";
		};
/* End PBXGroup section */

/* Begin PBXNativeTarget section */
		92CA3B231D35EC0900A09816 /* taiwanMOTCBus */ = {
			isa = PBXNativeTarget;
			buildConfigurationList = 92CA3B3B1D35EC0900A09816 /* Build configuration list for PBXNativeTarget "taiwanMOTCBus" */;
			buildPhases = (
				FD3797F8A257DA8E85C1E906 /* 📦 Check Pods Manifest.lock */,
				92CA3B201D35EC0900A09816 /* Sources */,
				92CA3B211D35EC0900A09816 /* Frameworks */,
				92CA3B221D35EC0900A09816 /* Resources */,
				928B64821D35ED05003CE295 /* Run Script - get CommitVersion */,
				283B309EBA1B83E415BD9BCC /* 📦 Embed Pods Frameworks */,
				7015D4C818601EFA827BCEFF /* 📦 Copy Pods Resources */,
			);
			buildRules = (
			);
			dependencies = (
			);
			name = taiwanMOTCBus;
			productName = taiwanMOTCBus;
			productReference = 92CA3B241D35EC0900A09816 /* taiwanMOTCBus.app */;
			productType = "com.apple.product-type.application";
		};
/* End PBXNativeTarget section */

/* Begin PBXProject section */
		92CA3B1C1D35EC0900A09816 /* Project object */ = {
			isa = PBXProject;
			attributes = {
				LastUpgradeCheck = 0730;
				ORGANIZATIONNAME = baron;
				TargetAttributes = {
					92CA3B231D35EC0900A09816 = {
						CreatedOnToolsVersion = 7.3;
					};
				};
			};
			buildConfigurationList = 92CA3B1F1D35EC0900A09816 /* Build configuration list for PBXProject "taiwanMOTCBus" */;
			compatibilityVersion = "Xcode 3.2";
			developmentRegion = English;
			hasScannedForEncodings = 0;
			knownRegions = (
				en,
				Base,
			);
			mainGroup = 92CA3B1B1D35EC0900A09816;
			productRefGroup = 92CA3B251D35EC0900A09816 /* Products */;
			projectDirPath = "";
			projectRoot = "";
			targets = (
				92CA3B231D35EC0900A09816 /* taiwanMOTCBus */,
			);
		};
/* End PBXProject section */

/* Begin PBXResourcesBuildPhase section */
		92CA3B221D35EC0900A09816 /* Resources */ = {
			isa = PBXResourcesBuildPhase;
			buildActionMask = 2147483647;
			files = (
				92CA3B371D35EC0900A09816 /* LaunchScreen.storyboard in Resources */,
				92CA3B341D35EC0900A09816 /* Assets.xcassets in Resources */,
				92CA3B321D35EC0900A09816 /* Main.storyboard in Resources */,
			);
			runOnlyForDeploymentPostprocessing = 0;
		};
/* End PBXResourcesBuildPhase section */

/* Begin PBXShellScriptBuildPhase section */
		283B309EBA1B83E415BD9BCC /* 📦 Embed Pods Frameworks */ = {
			isa = PBXShellScriptBuildPhase;
			buildActionMask = 2147483647;
			files = (
			);
			inputPaths = (
			);
			name = "📦 Embed Pods Frameworks";
			outputPaths = (
			);
			runOnlyForDeploymentPostprocessing = 0;
			shellPath = /bin/sh;
			shellScript = "\"${SRCROOT}/Pods/Target Support Files/Pods-taiwanMOTCBus/Pods-taiwanMOTCBus-frameworks.sh\"\n";
			showEnvVarsInLog = 0;
		};
		7015D4C818601EFA827BCEFF /* 📦 Copy Pods Resources */ = {
			isa = PBXShellScriptBuildPhase;
			buildActionMask = 2147483647;
			files = (
			);
			inputPaths = (
			);
			name = "📦 Copy Pods Resources";
			outputPaths = (
			);
			runOnlyForDeploymentPostprocessing = 0;
			shellPath = /bin/sh;
			shellScript = "\"${SRCROOT}/Pods/Target Support Files/Pods-taiwanMOTCBus/Pods-taiwanMOTCBus-resources.sh\"\n";
			showEnvVarsInLog = 0;
		};
		928B64821D35ED05003CE295 /* Run Script - get CommitVersion */ = {
			isa = PBXShellScriptBuildPhase;
			buildActionMask = 2147483647;
			files = (
			);
			inputPaths = (
			);
			name = "Run Script - get CommitVersion";
			outputPaths = (
			);
			runOnlyForDeploymentPostprocessing = 0;
			shellPath = /bin/sh;
			shellScript = "commitNumber=$(git rev-parse --short HEAD)\n/usr/libexec/PlistBuddy -c \"Set :CommitVersion $commitNumber\" \"${TARGET_BUILD_DIR}/${INFOPLIST_PATH}\"\n";
		};
		FD3797F8A257DA8E85C1E906 /* 📦 Check Pods Manifest.lock */ = {
			isa = PBXShellScriptBuildPhase;
			buildActionMask = 2147483647;
			files = (
			);
			inputPaths = (
			);
			name = "📦 Check Pods Manifest.lock";
			outputPaths = (
			);
			runOnlyForDeploymentPostprocessing = 0;
			shellPath = /bin/sh;
			shellScript = "diff \"${PODS_ROOT}/../Podfile.lock\" \"${PODS_ROOT}/Manifest.lock\" > /dev/null\nif [[ $? != 0 ]] ; then\n    cat << EOM\nerror: The sandbox is not in sync with the Podfile.lock. Run 'pod install' or update your CocoaPods installation.\nEOM\n    exit 1\nfi\n";
			showEnvVarsInLog = 0;
		};
/* End PBXShellScriptBuildPhase section */

/* Begin PBXSourcesBuildPhase section */
		92CA3B201D35EC0900A09816 /* Sources */ = {
			isa = PBXSourcesBuildPhase;
			buildActionMask = 2147483647;
			files = (
				92CA3B2C1D35EC0900A09816 /* AppDelegate.m in Sources */,
				928B648D1D3609A7003CE295 /* RouteTableViewCell.m in Sources */,
				928B648A1D360699003CE295 /* MainViewController.m in Sources */,
				928B64901D360ADA003CE295 /* networkManager.m in Sources */,
				928B64931D360AEC003CE295 /* busManager.m in Sources */,
				92CA3B291D35EC0900A09816 /* main.m in Sources */,
				928B64961D360AFD003CE295 /* model_busRoute.m in Sources */,
				928B649A1D360E21003CE295 /* publicApi.m in Sources */,
			);
			runOnlyForDeploymentPostprocessing = 0;
		};
/* End PBXSourcesBuildPhase section */

/* Begin PBXVariantGroup section */
		92CA3B301D35EC0900A09816 /* Main.storyboard */ = {
			isa = PBXVariantGroup;
			children = (
				92CA3B311D35EC0900A09816 /* Base */,
			);
			name = Main.storyboard;
			sourceTree = "<group>";
		};
		92CA3B351D35EC0900A09816 /* LaunchScreen.storyboard */ = {
			isa = PBXVariantGroup;
			children = (
				92CA3B361D35EC0900A09816 /* Base */,
			);
			name = LaunchScreen.storyboard;
			sourceTree = "<group>";
		};
/* End PBXVariantGroup section */

/* Begin XCBuildConfiguration section */
		92CA3B391D35EC0900A09816 /* Debug */ = {
			isa = XCBuildConfiguration;
			buildSettings = {
				ALWAYS_SEARCH_USER_PATHS = NO;
				CLANG_ANALYZER_NONNULL = YES;
				CLANG_CXX_LANGUAGE_STANDARD = "gnu++0x";
				CLANG_CXX_LIBRARY = "libc++";
				CLANG_ENABLE_MODULES = YES;
				CLANG_ENABLE_OBJC_ARC = YES;
				CLANG_WARN_BOOL_CONVERSION = YES;
				CLANG_WARN_CONSTANT_CONVERSION = YES;
				CLANG_WARN_DIRECT_OBJC_ISA_USAGE = YES_ERROR;
				CLANG_WARN_EMPTY_BODY = YES;
				CLANG_WARN_ENUM_CONVERSION = YES;
				CLANG_WARN_INT_CONVERSION = YES;
				CLANG_WARN_OBJC_ROOT_CLASS = YES_ERROR;
				CLANG_WARN_UNREACHABLE_CODE = YES;
				CLANG_WARN__DUPLICATE_METHOD_MATCH = YES;
				"CODE_SIGN_IDENTITY[sdk=iphoneos*]" = "iPhone Developer";
				COPY_PHASE_STRIP = NO;
				DEBUG_INFORMATION_FORMAT = dwarf;
				ENABLE_STRICT_OBJC_MSGSEND = YES;
				ENABLE_TESTABILITY = YES;
				GCC_C_LANGUAGE_STANDARD = gnu99;
				GCC_DYNAMIC_NO_PIC = NO;
				GCC_NO_COMMON_BLOCKS = YES;
				GCC_OPTIMIZATION_LEVEL = 0;
				GCC_PREPROCESSOR_DEFINITIONS = (
					"DEBUG=1",
					"$(inherited)",
				);
				GCC_WARN_64_TO_32_BIT_CONVERSION = YES;
				GCC_WARN_ABOUT_RETURN_TYPE = YES_ERROR;
				GCC_WARN_UNDECLARED_SELECTOR = YES;
				GCC_WARN_UNINITIALIZED_AUTOS = YES_AGGRESSIVE;
				GCC_WARN_UNUSED_FUNCTION = YES;
				GCC_WARN_UNUSED_VARIABLE = YES;
				IPHONEOS_DEPLOYMENT_TARGET = 9.3;
				MTL_ENABLE_DEBUG_INFO = YES;
				ONLY_ACTIVE_ARCH = YES;
				SDKROOT = iphoneos;
				TARGETED_DEVICE_FAMILY = "1,2";
			};
			name = Debug;
		};
		92CA3B3A1D35EC0900A09816 /* Release */ = {
			isa = XCBuildConfiguration;
			buildSettings = {
				ALWAYS_SEARCH_USER_PATHS = NO;
				CLANG_ANALYZER_NONNULL = YES;
				CLANG_CXX_LANGUAGE_STANDARD = "gnu++0x";
				CLANG_CXX_LIBRARY = "libc++";
				CLANG_ENABLE_MODULES = YES;
				CLANG_ENABLE_OBJC_ARC = YES;
				CLANG_WARN_BOOL_CONVERSION = YES;
				CLANG_WARN_CONSTANT_CONVERSION = YES;
				CLANG_WARN_DIRECT_OBJC_ISA_USAGE = YES_ERROR;
				CLANG_WARN_EMPTY_BODY = YES;
				CLANG_WARN_ENUM_CONVERSION = YES;
				CLANG_WARN_INT_CONVERSION = YES;
				CLANG_WARN_OBJC_ROOT_CLASS = YES_ERROR;
				CLANG_WARN_UNREACHABLE_CODE = YES;
				CLANG_WARN__DUPLICATE_METHOD_MATCH = YES;
				"CODE_SIGN_IDENTITY[sdk=iphoneos*]" = "iPhone Developer";
				COPY_PHASE_STRIP = NO;
				DEBUG_INFORMATION_FORMAT = "dwarf-with-dsym";
				ENABLE_NS_ASSERTIONS = NO;
				ENABLE_STRICT_OBJC_MSGSEND = YES;
				GCC_C_LANGUAGE_STANDARD = gnu99;
				GCC_NO_COMMON_BLOCKS = YES;
				GCC_WARN_64_TO_32_BIT_CONVERSION = YES;
				GCC_WARN_ABOUT_RETURN_TYPE = YES_ERROR;
				GCC_WARN_UNDECLARED_SELECTOR = YES;
				GCC_WARN_UNINITIALIZED_AUTOS = YES_AGGRESSIVE;
				GCC_WARN_UNUSED_FUNCTION = YES;
				GCC_WARN_UNUSED_VARIABLE = YES;
				IPHONEOS_DEPLOYMENT_TARGET = 9.3;
				MTL_ENABLE_DEBUG_INFO = NO;
				SDKROOT = iphoneos;
				TARGETED_DEVICE_FAMILY = "1,2";
				VALIDATE_PRODUCT = YES;
			};
			name = Release;
		};
		92CA3B3C1D35EC0900A09816 /* Debug */ = {
			isa = XCBuildConfiguration;
			baseConfigurationReference = DB6CA10A68100BBC19282780 /* Pods-taiwanMOTCBus.debug.xcconfig */;
			buildSettings = {
				ASSETCATALOG_COMPILER_APPICON_NAME = AppIcon;
				INFOPLIST_FILE = taiwanMOTCBus/Info.plist;
				LD_RUNPATH_SEARCH_PATHS = "$(inherited) @executable_path/Frameworks";
				PRODUCT_BUNDLE_IDENTIFIER = com.baron.taiwanMOTCBus;
				PRODUCT_NAME = "$(TARGET_NAME)";
			};
			name = Debug;
		};
		92CA3B3D1D35EC0900A09816 /* Release */ = {
			isa = XCBuildConfiguration;
			baseConfigurationReference = 8A3AB153414C6374D8F0616D /* Pods-taiwanMOTCBus.release.xcconfig */;
			buildSettings = {
				ASSETCATALOG_COMPILER_APPICON_NAME = AppIcon;
				INFOPLIST_FILE = taiwanMOTCBus/Info.plist;
				LD_RUNPATH_SEARCH_PATHS = "$(inherited) @executable_path/Frameworks";
				PRODUCT_BUNDLE_IDENTIFIER = com.baron.taiwanMOTCBus;
				PRODUCT_NAME = "$(TARGET_NAME)";
			};
			name = Release;
		};
/* End XCBuildConfiguration section */

/* Begin XCConfigurationList section */
		92CA3B1F1D35EC0900A09816 /* Build configuration list for PBXProject "taiwanMOTCBus" */ = {
			isa = XCConfigurationList;
			buildConfigurations = (
				92CA3B391D35EC0900A09816 /* Debug */,
				92CA3B3A1D35EC0900A09816 /* Release */,
			);
			defaultConfigurationIsVisible = 0;
			defaultConfigurationName = Release;
		};
		92CA3B3B1D35EC0900A09816 /* Build configuration list for PBXNativeTarget "taiwanMOTCBus" */ = {
			isa = XCConfigurationList;
			buildConfigurations = (
				92CA3B3C1D35EC0900A09816 /* Debug */,
				92CA3B3D1D35EC0900A09816 /* Release */,
			);
			defaultConfigurationIsVisible = 0;
			defaultConfigurationName = Release;
		};
/* End XCConfigurationList section */
	};
	rootObject = 92CA3B1C1D35EC0900A09816 /* Project object */;
}
